
Microsoft Visual Studio Solution File, Format Version 12.00
# Visual Studio Version 17
VisualStudioVersion = 17.11.35327.3
MinimumVisualStudioVersion = 10.0.40219.1
Project("{FAE04EC0-301F-11D3-BF4B-00C04F79EFBC}") = "Gold", "Gold\Gold.csproj", "{6DF8A7EF-9D45-4B8B-A239-537AC22C8DBA}"
EndProject
Global
	GlobalSection(SolutionConfigurationPlatforms) = preSolution
		Debug|Any CPU = Debug|Any CPU
		Release|Any CPU = Release|Any CPU
	EndGlobalSection
	GlobalSection(ProjectConfigurationPlatforms) = postSolution
		{6DF8A7EF-9D45-4B8B-A239-537AC22C8DBA}.Debug|Any CPU.ActiveCfg = Debug|Any CPU
		{6DF8A7EF-9D45-4B8B-A239-537AC22C8DBA}.Debug|Any CPU.Build.0 = Debug|Any CPU
		{6DF8A7EF-9D45-4B8B-A239-537AC22C8DBA}.Release|Any CPU.ActiveCfg = Release|Any CPU
		{6DF8A7EF-9D45-4B8B-A239-537AC22C8DBA}.Release|Any CPU.Build.0 = Release|Any CPU
	EndGlobalSection
	GlobalSection(SolutionProperties) = preSolution
		HideSolutionNode = FALSE
	EndGlobalSection
	GlobalSection(ExtensibilityGlobals) = postSolution
		SolutionGuid = {32D81053-EE13-4159-A015-F0D069272268}
	EndGlobalSection
EndGlobal
